
Microsoft Visual Studio Solution File, Format Version 12.00
# Visual Studio 15
Project("{FAE04EC0-301F-11D3-BF4B-00C04F79EFBC}") = "ABCkata", "ABCkata\ABCkata.csproj", "{44DBDCE1-19C2-4428-8FF5-617A8C963092}"
EndProject
Project("{FAE04EC0-301F-11D3-BF4B-00C04F79EFBC}") = "ABCkataTest", "ABCkataTest\ABCkataTest.csproj", "{2CE725AE-9163-4ECA-B5B4-E4A2ED9A5EFD}"
EndProject
Global
	GlobalSection(SolutionConfigurationPlatforms) = preSolution
		Debug|Any CPU = Debug|Any CPU
		Release|Any CPU = Release|Any CPU
	EndGlobalSection
	GlobalSection(ProjectConfigurationPlatforms) = postSolution
		{44DBDCE1-19C2-4428-8FF5-617A8C963092}.Debug|Any CPU.ActiveCfg = Debug|Any CPU
		{44DBDCE1-19C2-4428-8FF5-617A8C963092}.Debug|Any CPU.Build.0 = Debug|Any CPU
		{44DBDCE1-19C2-4428-8FF5-617A8C963092}.Release|Any CPU.ActiveCfg = Release|Any CPU
		{44DBDCE1-19C2-4428-8FF5-617A8C963092}.Release|Any CPU.Build.0 = Release|Any CPU
		{2CE725AE-9163-4ECA-B5B4-E4A2ED9A5EFD}.Debug|Any CPU.ActiveCfg = Debug|Any CPU
		{2CE725AE-9163-4ECA-B5B4-E4A2ED9A5EFD}.Debug|Any CPU.Build.0 = Debug|Any CPU
		{2CE725AE-9163-4ECA-B5B4-E4A2ED9A5EFD}.Release|Any CPU.ActiveCfg = Release|Any CPU
		{2CE725AE-9163-4ECA-B5B4-E4A2ED9A5EFD}.Release|Any CPU.Build.0 = Release|Any CPU
	EndGlobalSection
EndGlobal
